{
  "name": "hi-aarush",
  "version": "1.0.0",
  "lockfileVersion": 3,
  "requires": true,
  "packages": {
    "": {
      "name": "hi-aarush",
      "version": "1.0.0",
      "license": "ISC",
      "dependencies": {
        "hi-aarush": "^1.0.0"
      }
    },
    "node_modules/hi-aarush": {
      "version": "1.0.0",
      "resolved": "https://registry.npmjs.org/hi-aarush/-/hi-aarush-1.0.0.tgz",
      "integrity": "sha512-7ApHYh+4T717f39h/4lTH1VpV/l9fmKrNrbc7aboqavEaDF6rG51B6zG9bC6YZxMUzf1tyU93gmw+hwqLyqzOw=="
    }
  }
}
